
Microsoft Visual Studio Solution File, Format Version 12.00
# Visual Studio 2013
VisualStudioVersion = 12.0.30501.0
MinimumVisualStudioVersion = 10.0.40219.1
Project("{FAE04EC0-301F-11D3-BF4B-00C04F79EFBC}") = "Task1 (Using Methods)", "Task1 (Using Methods)\Task1 (Using Methods).csproj", "{32115DC3-6B86-49DE-B5DE-B85D4C80D01D}"
EndProject
Global
	GlobalSection(SolutionConfigurationPlatforms) = preSolution
		Debug|Any CPU = Debug|Any CPU
		Release|Any CPU = Release|Any CPU
	EndGlobalSection
	GlobalSection(ProjectConfigurationPlatforms) = postSolution
		{32115DC3-6B86-49DE-B5DE-B85D4C80D01D}.Debug|Any CPU.ActiveCfg = Debug|Any CPU
		{32115DC3-6B86-49DE-B5DE-B85D4C80D01D}.Debug|Any CPU.Build.0 = Debug|Any CPU
		{32115DC3-6B86-49DE-B5DE-B85D4C80D01D}.Release|Any CPU.ActiveCfg = Release|Any CPU
		{32115DC3-6B86-49DE-B5DE-B85D4C80D01D}.Release|Any CPU.Build.0 = Release|Any CPU
	EndGlobalSection
	GlobalSection(SolutionProperties) = preSolution
		HideSolutionNode = FALSE
	EndGlobalSection
EndGlobal
